
Microsoft Visual Studio Solution File, Format Version 12.00
# Visual Studio 15
VisualStudioVersion = 15.0.27703.2047
MinimumVisualStudioVersion = 10.0.40219.1
Project("{FAE04EC0-301F-11D3-BF4B-00C04F79EFBC}") = "Course", "Course\Course.csproj", "{BC37EE5D-3308-4C5F-91FF-37A558CF2201}"
EndProject
Global
	GlobalSection(SolutionConfigurationPlatforms) = preSolution
		Debug|Any CPU = Debug|Any CPU
		Release|Any CPU = Release|Any CPU
	EndGlobalSection
	GlobalSection(ProjectConfigurationPlatforms) = postSolution
		{BC37EE5D-3308-4C5F-91FF-37A558CF2201}.Debug|Any CPU.ActiveCfg = Debug|Any CPU
		{BC37EE5D-3308-4C5F-91FF-37A558CF2201}.Debug|Any CPU.Build.0 = Debug|Any CPU
		{BC37EE5D-3308-4C5F-91FF-37A558CF2201}.Release|Any CPU.ActiveCfg = Release|Any CPU
		{BC37EE5D-3308-4C5F-91FF-37A558CF2201}.Release|Any CPU.Build.0 = Release|Any CPU
	EndGlobalSection
	GlobalSection(SolutionProperties) = preSolution
		HideSolutionNode = FALSE
	EndGlobalSection
	GlobalSection(ExtensibilityGlobals) = postSolution
		SolutionGuid = {261DD146-F863-4819-854D-27A5BBF93EEB}
	EndGlobalSection
EndGlobal
